
Microsoft Visual Studio Solution File, Format Version 12.00
# Visual Studio 15
Project("{FAE04EC0-301F-11D3-BF4B-00C04F79EFBC}") = "Assembly-CSharp", "Assembly-CSharp.csproj", "{9A79E93A-5197-FF4D-6E92-5F1DCEADC5A0}"
EndProject
Project("{FAE04EC0-301F-11D3-BF4B-00C04F79EFBC}") = "Assembly-CSharp-firstpass", "Assembly-CSharp-firstpass.csproj", "{C3B82395-29AC-52D2-445B-7A0E9E13C79F}"
EndProject
Project("{FAE04EC0-301F-11D3-BF4B-00C04F79EFBC}") = "Assembly-CSharp-Editor-firstpass", "Assembly-CSharp-Editor-firstpass.csproj", "{645C7A99-F27D-862A-BC09-6C9DD46BC744}"
EndProject
Global
	GlobalSection(SolutionConfigurationPlatforms) = preSolution
		Debug|Any CPU = Debug|Any CPU
		Release|Any CPU = Release|Any CPU
	EndGlobalSection
	GlobalSection(ProjectConfigurationPlatforms) = postSolution
		{9A79E93A-5197-FF4D-6E92-5F1DCEADC5A0}.Debug|Any CPU.ActiveCfg = Debug|Any CPU
		{9A79E93A-5197-FF4D-6E92-5F1DCEADC5A0}.Debug|Any CPU.Build.0 = Debug|Any CPU
		{9A79E93A-5197-FF4D-6E92-5F1DCEADC5A0}.Release|Any CPU.ActiveCfg = Release|Any CPU
		{9A79E93A-5197-FF4D-6E92-5F1DCEADC5A0}.Release|Any CPU.Build.0 = Release|Any CPU
		{C3B82395-29AC-52D2-445B-7A0E9E13C79F}.Debug|Any CPU.ActiveCfg = Debug|Any CPU
		{C3B82395-29AC-52D2-445B-7A0E9E13C79F}.Debug|Any CPU.Build.0 = Debug|Any CPU
		{C3B82395-29AC-52D2-445B-7A0E9E13C79F}.Release|Any CPU.ActiveCfg = Release|Any CPU
		{C3B82395-29AC-52D2-445B-7A0E9E13C79F}.Release|Any CPU.Build.0 = Release|Any CPU
		{645C7A99-F27D-862A-BC09-6C9DD46BC744}.Debug|Any CPU.ActiveCfg = Debug|Any CPU
		{645C7A99-F27D-862A-BC09-6C9DD46BC744}.Debug|Any CPU.Build.0 = Debug|Any CPU
		{645C7A99-F27D-862A-BC09-6C9DD46BC744}.Release|Any CPU.ActiveCfg = Release|Any CPU
		{645C7A99-F27D-862A-BC09-6C9DD46BC744}.Release|Any CPU.Build.0 = Release|Any CPU
	EndGlobalSection
	GlobalSection(SolutionProperties) = preSolution
		HideSolutionNode = FALSE
	EndGlobalSection
EndGlobal
